// !$*UTF8*$!
{
	archiveVersion = 1;
	classes = {
	};
	objectVersion = 55;
	objects = {

/* Begin PBXBuildFile section */
		5D7A546E285642EC003F852B /* LocationStationApp.swift in Sources */ = {isa = PBXBuildFile; fileRef = 5D7A546D285642EC003F852B /* LocationStationApp.swift */; };
		5D7A5472285642ED003F852B /* Assets.xcassets in Resources */ = {isa = PBXBuildFile; fileRef = 5D7A5471285642ED003F852B /* Assets.xcassets */; };
		5D7A5475285642ED003F852B /* Preview Assets.xcassets in Resources */ = {isa = PBXBuildFile; fileRef = 5D7A5474285642ED003F852B /* Preview Assets.xcassets */; };
		5DD6DA742868A64B00957512 /* Utils.swift in Sources */ = {isa = PBXBuildFile; fileRef = 5DD6DA732868A64B00957512 /* Utils.swift */; };
		5DD6DA7A2868D55B00957512 /* Station.swift in Sources */ = {isa = PBXBuildFile; fileRef = 5DD6DA792868D55B00957512 /* Station.swift */; };
		5DD6DA7C2868D5E400957512 /* MapView.swift in Sources */ = {isa = PBXBuildFile; fileRef = 5DD6DA7B2868D5E400957512 /* MapView.swift */; };
		5DD6DA7E2868D82600957512 /* MapViewModel.swift in Sources */ = {isa = PBXBuildFile; fileRef = 5DD6DA7D2868D82600957512 /* MapViewModel.swift */; };
		5DD6DA822868DD9D00957512 /* RefreshButton.swift in Sources */ = {isa = PBXBuildFile; fileRef = 5DD6DA812868DD9D00957512 /* RefreshButton.swift */; };
		5DD6DA842868DE1E00957512 /* InfoButton.swift in Sources */ = {isa = PBXBuildFile; fileRef = 5DD6DA832868DE1E00957512 /* InfoButton.swift */; };
		5DD6DA862868DE5A00957512 /* PlaceHolderView.swift in Sources */ = {isa = PBXBuildFile; fileRef = 5DD6DA852868DE5A00957512 /* PlaceHolderView.swift */; };
		5DD6DA882868DEA200957512 /* CustomMapAnnotation.swift in Sources */ = {isa = PBXBuildFile; fileRef = 5DD6DA872868DEA200957512 /* CustomMapAnnotation.swift */; };
		5DD6DA8A2868DF2600957512 /* CurrentStationHeader.swift in Sources */ = {isa = PBXBuildFile; fileRef = 5DD6DA892868DF2600957512 /* CurrentStationHeader.swift */; };
		5DD6DA8C2868DFA000957512 /* CurrentStationList.swift in Sources */ = {isa = PBXBuildFile; fileRef = 5DD6DA8B2868DFA000957512 /* CurrentStationList.swift */; };
/* End PBXBuildFile section */

/* Begin PBXFileReference section */
		5D7A546A285642EC003F852B /* LocationStation.app */ = {isa = PBXFileReference; explicitFileType = wrapper.application; includeInIndex = 0; path = LocationStation.app; sourceTree = BUILT_PRODUCTS_DIR; };
		5D7A546D285642EC003F852B /* LocationStationApp.swift */ = {isa = PBXFileReference; lastKnownFileType = sourcecode.swift; path = LocationStationApp.swift; sourceTree = "<group>"; };
		5D7A5471285642ED003F852B /* Assets.xcassets */ = {isa = PBXFileReference; lastKnownFileType = folder.assetcatalog; path = Assets.xcassets; sourceTree = "<group>"; };
		5D7A5474285642ED003F852B /* Preview Assets.xcassets */ = {isa = PBXFileReference; lastKnownFileType = folder.assetcatalog; path = "Preview Assets.xcassets"; sourceTree = "<group>"; };
		5DD6DA732868A64B00957512 /* Utils.swift */ = {isa = PBXFileReference; lastKnownFileType = sourcecode.swift; path = Utils.swift; sourceTree = "<group>"; };
		5DD6DA792868D55B00957512 /* Station.swift */ = {isa = PBXFileReference; lastKnownFileType = sourcecode.swift; path = Station.swift; sourceTree = "<group>"; };
		5DD6DA7B2868D5E400957512 /* MapView.swift */ = {isa = PBXFileReference; lastKnownFileType = sourcecode.swift; path = MapView.swift; sourceTree = "<group>"; };
		5DD6DA7D2868D82600957512 /* MapViewModel.swift */ = {isa = PBXFileReference; lastKnownFileType = sourcecode.swift; path = MapViewModel.swift; sourceTree = "<group>"; };
		5DD6DA812868DD9D00957512 /* RefreshButton.swift */ = {isa = PBXFileReference; lastKnownFileType = sourcecode.swift; path = RefreshButton.swift; sourceTree = "<group>"; };
		5DD6DA832868DE1E00957512 /* InfoButton.swift */ = {isa = PBXFileReference; lastKnownFileType = sourcecode.swift; path = InfoButton.swift; sourceTree = "<group>"; };
		5DD6DA852868DE5A00957512 /* PlaceHolderView.swift */ = {isa = PBXFileReference; lastKnownFileType = sourcecode.swift; path = PlaceHolderView.swift; sourceTree = "<group>"; };
		5DD6DA872868DEA200957512 /* CustomMapAnnotation.swift */ = {isa = PBXFileReference; lastKnownFileType = sourcecode.swift; path = CustomMapAnnotation.swift; sourceTree = "<group>"; };
		5DD6DA892868DF2600957512 /* CurrentStationHeader.swift */ = {isa = PBXFileReference; lastKnownFileType = sourcecode.swift; path = CurrentStationHeader.swift; sourceTree = "<group>"; };
		5DD6DA8B2868DFA000957512 /* CurrentStationList.swift */ = {isa = PBXFileReference; lastKnownFileType = sourcecode.swift; path = CurrentStationList.swift; sourceTree = "<group>"; };
/* End PBXFileReference section */

/* Begin PBXFrameworksBuildPhase section */
		5D7A5467285642EC003F852B /* Frameworks */ = {
			isa = PBXFrameworksBuildPhase;
			buildActionMask = 2147483647;
			files = (
			);
			runOnlyForDeploymentPostprocessing = 0;
		};
/* End PBXFrameworksBuildPhase section */

/* Begin PBXGroup section */
		5D7A5461285642EC003F852B = {
			isa = PBXGroup;
			children = (
				5D7A546C285642EC003F852B /* LocationStation */,
				5D7A546B285642EC003F852B /* Products */,
			);
			sourceTree = "<group>";
		};
		5D7A546B285642EC003F852B /* Products */ = {
			isa = PBXGroup;
			children = (
				5D7A546A285642EC003F852B /* LocationStation.app */,
			);
			name = Products;
			sourceTree = "<group>";
		};
		5D7A546C285642EC003F852B /* LocationStation */ = {
			isa = PBXGroup;
			children = (
				5DD6DA772868D46F00957512 /* Views */,
				5DD6DA782868D47F00957512 /* ViewModels */,
				5DD6DA762868D45800957512 /* Models */,
				5D7A546D285642EC003F852B /* LocationStationApp.swift */,
				5D7A5471285642ED003F852B /* Assets.xcassets */,
				5DD6DA732868A64B00957512 /* Utils.swift */,
				5D7A5473285642ED003F852B /* Preview Content */,
			);
			path = LocationStation;
			sourceTree = "<group>";
		};
		5D7A5473285642ED003F852B /* Preview Content */ = {
			isa = PBXGroup;
			children = (
				5D7A5474285642ED003F852B /* Preview Assets.xcassets */,
			);
			path = "Preview Content";
			sourceTree = "<group>";
		};
		5DD6DA762868D45800957512 /* Models */ = {
			isa = PBXGroup;
			children = (
				5DD6DA792868D55B00957512 /* Station.swift */,
			);
			path = Models;
			sourceTree = "<group>";
		};
		5DD6DA772868D46F00957512 /* Views */ = {
			isa = PBXGroup;
			children = (
				5DD6DA7B2868D5E400957512 /* MapView.swift */,
				5DD6DA812868DD9D00957512 /* RefreshButton.swift */,
				5DD6DA832868DE1E00957512 /* InfoButton.swift */,
				5DD6DA852868DE5A00957512 /* PlaceHolderView.swift */,
				5DD6DA872868DEA200957512 /* CustomMapAnnotation.swift */,
				5DD6DA892868DF2600957512 /* CurrentStationHeader.swift */,
				5DD6DA8B2868DFA000957512 /* CurrentStationList.swift */,
			);
			path = Views;
			sourceTree = "<group>";
		};
		5DD6DA782868D47F00957512 /* ViewModels */ = {
			isa = PBXGroup;
			children = (
				5DD6DA7D2868D82600957512 /* MapViewModel.swift */,
			);
			path = ViewModels;
			sourceTree = "<group>";
		};
/* End PBXGroup section */

/* Begin PBXNativeTarget section */
		5D7A5469285642EC003F852B /* LocationStation */ = {
			isa = PBXNativeTarget;
			buildConfigurationList = 5D7A5478285642ED003F852B /* Build configuration list for PBXNativeTarget "LocationStation" */;
			buildPhases = (
				5D7A5466285642EC003F852B /* Sources */,
				5D7A5467285642EC003F852B /* Frameworks */,
				5D7A5468285642EC003F852B /* Resources */,
			);
			buildRules = (
			);
			dependencies = (
			);
			name = LocationStation;
			productName = LocationStation;
			productReference = 5D7A546A285642EC003F852B /* LocationStation.app */;
			productType = "com.apple.product-type.application";
		};
/* End PBXNativeTarget section */

/* Begin PBXProject section */
		5D7A5462285642EC003F852B /* Project object */ = {
			isa = PBXProject;
			attributes = {
				BuildIndependentTargetsInParallel = 1;
				LastSwiftUpdateCheck = 1340;
				LastUpgradeCheck = 1340;
				TargetAttributes = {
					5D7A5469285642EC003F852B = {
						CreatedOnToolsVersion = 13.4.1;
					};
				};
			};
			buildConfigurationList = 5D7A5465285642EC003F852B /* Build configuration list for PBXProject "LocationStation" */;
			compatibilityVersion = "Xcode 13.0";
			developmentRegion = en;
			hasScannedForEncodings = 0;
			knownRegions = (
				en,
				Base,
			);
			mainGroup = 5D7A5461285642EC003F852B;
			productRefGroup = 5D7A546B285642EC003F852B /* Products */;
			projectDirPath = "";
			projectRoot = "";
			targets = (
				5D7A5469285642EC003F852B /* LocationStation */,
			);
		};
/* End PBXProject section */

/* Begin PBXResourcesBuildPhase section */
		5D7A5468285642EC003F852B /* Resources */ = {
			isa = PBXResourcesBuildPhase;
			buildActionMask = 2147483647;
			files = (
				5D7A5475285642ED003F852B /* Preview Assets.xcassets in Resources */,
				5D7A5472285642ED003F852B /* Assets.xcassets in Resources */,
			);
			runOnlyForDeploymentPostprocessing = 0;
		};
/* End PBXResourcesBuildPhase section */

/* Begin PBXSourcesBuildPhase section */
		5D7A5466285642EC003F852B /* Sources */ = {
			isa = PBXSourcesBuildPhase;
			buildActionMask = 2147483647;
			files = (
				5DD6DA842868DE1E00957512 /* InfoButton.swift in Sources */,
				5DD6DA742868A64B00957512 /* Utils.swift in Sources */,
				5DD6DA822868DD9D00957512 /* RefreshButton.swift in Sources */,
				5DD6DA7C2868D5E400957512 /* MapView.swift in Sources */,
				5D7A546E285642EC003F852B /* LocationStationApp.swift in Sources */,
				5DD6DA8C2868DFA000957512 /* CurrentStationList.swift in Sources */,
				5DD6DA8A2868DF2600957512 /* CurrentStationHeader.swift in Sources */,
				5DD6DA7E2868D82600957512 /* MapViewModel.swift in Sources */,
				5DD6DA882868DEA200957512 /* CustomMapAnnotation.swift in Sources */,
				5DD6DA862868DE5A00957512 /* PlaceHolderView.swift in Sources */,
				5DD6DA7A2868D55B00957512 /* Station.swift in Sources */,
			);
			runOnlyForDeploymentPostprocessing = 0;
		};
/* End PBXSourcesBuildPhase section */

/* Begin XCBuildConfiguration section */
		5D7A5476285642ED003F852B /* Debug */ = {
			isa = XCBuildConfiguration;
			buildSettings = {
				ALWAYS_SEARCH_USER_PATHS = NO;
				CLANG_ANALYZER_NONNULL = YES;
				CLANG_ANALYZER_NUMBER_OBJECT_CONVERSION = YES_AGGRESSIVE;
				CLANG_CXX_LANGUAGE_STANDARD = "gnu++17";
				CLANG_ENABLE_MODULES = YES;
				CLANG_ENABLE_OBJC_ARC = YES;
				CLANG_ENABLE_OBJC_WEAK = YES;
				CLANG_WARN_BLOCK_CAPTURE_AUTORELEASING = YES;
				CLANG_WARN_BOOL_CONVERSION = YES;
				CLANG_WARN_COMMA = YES;
				CLANG_WARN_CONSTANT_CONVERSION = YES;
				CLANG_WARN_DEPRECATED_OBJC_IMPLEMENTATIONS = YES;
				CLANG_WARN_DIRECT_OBJC_ISA_USAGE = YES_ERROR;
				CLANG_WARN_DOCUMENTATION_COMMENTS = YES;
				CLANG_WARN_EMPTY_BODY = YES;
				CLANG_WARN_ENUM_CONVERSION = YES;
				CLANG_WARN_INFINITE_RECURSION = YES;
				CLANG_WARN_INT_CONVERSION = YES;
				CLANG_WARN_NON_LITERAL_NULL_CONVERSION = YES;
				CLANG_WARN_OBJC_IMPLICIT_RETAIN_SELF = YES;
				CLANG_WARN_OBJC_LITERAL_CONVERSION = YES;
				CLANG_WARN_OBJC_ROOT_CLASS = YES_ERROR;
				CLANG_WARN_QUOTED_INCLUDE_IN_FRAMEWORK_HEADER = YES;
				CLANG_WARN_RANGE_LOOP_ANALYSIS = YES;
				CLANG_WARN_STRICT_PROTOTYPES = YES;
				CLANG_WARN_SUSPICIOUS_MOVE = YES;
				CLANG_WARN_UNGUARDED_AVAILABILITY = YES_AGGRESSIVE;
				CLANG_WARN_UNREACHABLE_CODE = YES;
				CLANG_WARN__DUPLICATE_METHOD_MATCH = YES;
				COPY_PHASE_STRIP = NO;
				DEBUG_INFORMATION_FORMAT = dwarf;
				ENABLE_STRICT_OBJC_MSGSEND = YES;
				ENABLE_TESTABILITY = YES;
				GCC_C_LANGUAGE_STANDARD = gnu11;
				GCC_DYNAMIC_NO_PIC = NO;
				GCC_NO_COMMON_BLOCKS = YES;
				GCC_OPTIMIZATION_LEVEL = 0;
				GCC_PREPROCESSOR_DEFINITIONS = (
					"DEBUG=1",
					"$(inherited)",
				);
				GCC_WARN_64_TO_32_BIT_CONVERSION = YES;
				GCC_WARN_ABOUT_RETURN_TYPE = YES_ERROR;
				GCC_WARN_UNDECLARED_SELECTOR = YES;
				GCC_WARN_UNINITIALIZED_AUTOS = YES_AGGRESSIVE;
				GCC_WARN_UNUSED_FUNCTION = YES;
				GCC_WARN_UNUSED_VARIABLE = YES;
				IPHONEOS_DEPLOYMENT_TARGET = 15.5;
				MTL_ENABLE_DEBUG_INFO = INCLUDE_SOURCE;
				MTL_FAST_MATH = YES;
				ONLY_ACTIVE_ARCH = YES;
				SDKROOT = iphoneos;
				SWIFT_ACTIVE_COMPILATION_CONDITIONS = DEBUG;
				SWIFT_OPTIMIZATION_LEVEL = "-Onone";
			};
			name = Debug;
		};
		5D7A5477285642ED003F852B /* Release */ = {
			isa = XCBuildConfiguration;
			buildSettings = {
				ALWAYS_SEARCH_USER_PATHS = NO;
				CLANG_ANALYZER_NONNULL = YES;
				CLANG_ANALYZER_NUMBER_OBJECT_CONVERSION = YES_AGGRESSIVE;
				CLANG_CXX_LANGUAGE_STANDARD = "gnu++17";
				CLANG_ENABLE_MODULES = YES;
				CLANG_ENABLE_OBJC_ARC = YES;
				CLANG_ENABLE_OBJC_WEAK = YES;
				CLANG_WARN_BLOCK_CAPTURE_AUTORELEASING = YES;
				CLANG_WARN_BOOL_CONVERSION = YES;
				CLANG_WARN_COMMA = YES;
				CLANG_WARN_CONSTANT_CONVERSION = YES;
				CLANG_WARN_DEPRECATED_OBJC_IMPLEMENTATIONS = YES;
				CLANG_WARN_DIRECT_OBJC_ISA_USAGE = YES_ERROR;
				CLANG_WARN_DOCUMENTATION_COMMENTS = YES;
				CLANG_WARN_EMPTY_BODY = YES;
				CLANG_WARN_ENUM_CONVERSION = YES;
				CLANG_WARN_INFINITE_RECURSION = YES;
				CLANG_WARN_INT_CONVERSION = YES;
				CLANG_WARN_NON_LITERAL_NULL_CONVERSION = YES;
				CLANG_WARN_OBJC_IMPLICIT_RETAIN_SELF = YES;
				CLANG_WARN_OBJC_LITERAL_CONVERSION = YES;
				CLANG_WARN_OBJC_ROOT_CLASS = YES_ERROR;
				CLANG_WARN_QUOTED_INCLUDE_IN_FRAMEWORK_HEADER = YES;
				CLANG_WARN_RANGE_LOOP_ANALYSIS = YES;
				CLANG_WARN_STRICT_PROTOTYPES = YES;
				CLANG_WARN_SUSPICIOUS_MOVE = YES;
				CLANG_WARN_UNGUARDED_AVAILABILITY = YES_AGGRESSIVE;
				CLANG_WARN_UNREACHABLE_CODE = YES;
				CLANG_WARN__DUPLICATE_METHOD_MATCH = YES;
				COPY_PHASE_STRIP = NO;
				DEBUG_INFORMATION_FORMAT = "dwarf-with-dsym";
				ENABLE_NS_ASSERTIONS = NO;
				ENABLE_STRICT_OBJC_MSGSEND = YES;
				GCC_C_LANGUAGE_STANDARD = gnu11;
				GCC_NO_COMMON_BLOCKS = YES;
				GCC_WARN_64_TO_32_BIT_CONVERSION = YES;
				GCC_WARN_ABOUT_RETURN_TYPE = YES_ERROR;
				GCC_WARN_UNDECLARED_SELECTOR = YES;
				GCC_WARN_UNINITIALIZED_AUTOS = YES_AGGRESSIVE;
				GCC_WARN_UNUSED_FUNCTION = YES;
				GCC_WARN_UNUSED_VARIABLE = YES;
				IPHONEOS_DEPLOYMENT_TARGET = 15.5;
				MTL_ENABLE_DEBUG_INFO = NO;
				MTL_FAST_MATH = YES;
				SDKROOT = iphoneos;
				SWIFT_COMPILATION_MODE = wholemodule;
				SWIFT_OPTIMIZATION_LEVEL = "-O";
				VALIDATE_PRODUCT = YES;
			};
			name = Release;
		};
		5D7A5479285642ED003F852B /* Debug */ = {
			isa = XCBuildConfiguration;
			buildSettings = {
				ASSETCATALOG_COMPILER_APPICON_NAME = AppIcon;
				ASSETCATALOG_COMPILER_GLOBAL_ACCENT_COLOR_NAME = AccentColor;
				CODE_SIGN_STYLE = Automatic;
				CURRENT_PROJECT_VERSION = 1;
				DEVELOPMENT_ASSET_PATHS = "\"LocationStation/Preview Content\"";
				DEVELOPMENT_TEAM = 87Q222V453;
				ENABLE_PREVIEWS = YES;
				GENERATE_INFOPLIST_FILE = YES;
				INFOPLIST_KEY_NSLocationWhenInUseUsageDescription = "This app requires your location to be able to provide you with the departures data based on your specific location";
				INFOPLIST_KEY_UIApplicationSceneManifest_Generation = YES;
				INFOPLIST_KEY_UIApplicationSupportsIndirectInputEvents = YES;
				INFOPLIST_KEY_UILaunchScreen_Generation = YES;
				INFOPLIST_KEY_UISupportedInterfaceOrientations_iPad = "UIInterfaceOrientationPortrait UIInterfaceOrientationPortraitUpsideDown UIInterfaceOrientationLandscapeLeft UIInterfaceOrientationLandscapeRight";
				INFOPLIST_KEY_UISupportedInterfaceOrientations_iPhone = "UIInterfaceOrientationPortrait UIInterfaceOrientationLandscapeLeft UIInterfaceOrientationLandscapeRight";
				LD_RUNPATH_SEARCH_PATHS = (
					"$(inherited)",
					"@executable_path/Frameworks",
				);
				MARKETING_VERSION = 1.0;
				PRODUCT_BUNDLE_IDENTIFIER = "th-koeln.student.vl.LocationStation";
				PRODUCT_NAME = "$(TARGET_NAME)";
				SWIFT_EMIT_LOC_STRINGS = YES;
				SWIFT_VERSION = 5.0;
				TARGETED_DEVICE_FAMILY = "1,2";
			};
			name = Debug;
		};
		5D7A547A285642ED003F852B /* Release */ = {
			isa = XCBuildConfiguration;
			buildSettings = {
				ASSETCATALOG_COMPILER_APPICON_NAME = AppIcon;
				ASSETCATALOG_COMPILER_GLOBAL_ACCENT_COLOR_NAME = AccentColor;
				CODE_SIGN_STYLE = Automatic;
				CURRENT_PROJECT_VERSION = 1;
				DEVELOPMENT_ASSET_PATHS = "\"LocationStation/Preview Content\"";
				DEVELOPMENT_TEAM = 87Q222V453;
				ENABLE_PREVIEWS = YES;
				GENERATE_INFOPLIST_FILE = YES;
				INFOPLIST_KEY_NSLocationWhenInUseUsageDescription = "This app requires your location to be able to provide you with the departures data based on your specific location";
				INFOPLIST_KEY_UIApplicationSceneManifest_Generation = YES;
				INFOPLIST_KEY_UIApplicationSupportsIndirectInputEvents = YES;
				INFOPLIST_KEY_UILaunchScreen_Generation = YES;
				INFOPLIST_KEY_UISupportedInterfaceOrientations_iPad = "UIInterfaceOrientationPortrait UIInterfaceOrientationPortraitUpsideDown UIInterfaceOrientationLandscapeLeft UIInterfaceOrientationLandscapeRight";
				INFOPLIST_KEY_UISupportedInterfaceOrientations_iPhone = "UIInterfaceOrientationPortrait UIInterfaceOrientationLandscapeLeft UIInterfaceOrientationLandscapeRight";
				LD_RUNPATH_SEARCH_PATHS = (
					"$(inherited)",
					"@executable_path/Frameworks",
				);
				MARKETING_VERSION = 1.0;
				PRODUCT_BUNDLE_IDENTIFIER = "th-koeln.student.vl.LocationStation";
				PRODUCT_NAME = "$(TARGET_NAME)";
				SWIFT_EMIT_LOC_STRINGS = YES;
				SWIFT_VERSION = 5.0;
				TARGETED_DEVICE_FAMILY = "1,2";
			};
			name = Release;
		};
/* End XCBuildConfiguration section */

/* Begin XCConfigurationList section */
		5D7A5465285642EC003F852B /* Build configuration list for PBXProject "LocationStation" */ = {
			isa = XCConfigurationList;
			buildConfigurations = (
				5D7A5476285642ED003F852B /* Debug */,
				5D7A5477285642ED003F852B /* Release */,
			);
			defaultConfigurationIsVisible = 0;
			defaultConfigurationName = Release;
		};
		5D7A5478285642ED003F852B /* Build configuration list for PBXNativeTarget "LocationStation" */ = {
			isa = XCConfigurationList;
			buildConfigurations = (
				5D7A5479285642ED003F852B /* Debug */,
				5D7A547A285642ED003F852B /* Release */,
			);
			defaultConfigurationIsVisible = 0;
			defaultConfigurationName = Release;
		};
/* End XCConfigurationList section */
	};
	rootObject = 5D7A5462285642EC003F852B /* Project object */;
}
